
Microsoft Visual Studio Solution File, Format Version 12.00
# Visual Studio Version 17
VisualStudioVersion = 17.13.35806.99 d17.13
MinimumVisualStudioVersion = 10.0.40219.1
Project("{FAE04EC0-301F-11D3-BF4B-00C04F79EFBC}") = "Sabitov-Niyaz-KT-31-22", "Sabitov-Niyaz-KT-31-22\Sabitov-Niyaz-KT-31-22.csproj", "{0D29B812-CBF5-42D3-9678-21EF28694765}"
EndProject
Global
	GlobalSection(SolutionConfigurationPlatforms) = preSolution
		Debug|Any CPU = Debug|Any CPU
		Release|Any CPU = Release|Any CPU
	EndGlobalSection
	GlobalSection(ProjectConfigurationPlatforms) = postSolution
		{0D29B812-CBF5-42D3-9678-21EF28694765}.Debug|Any CPU.ActiveCfg = Debug|Any CPU
		{0D29B812-CBF5-42D3-9678-21EF28694765}.Debug|Any CPU.Build.0 = Debug|Any CPU
		{0D29B812-CBF5-42D3-9678-21EF28694765}.Release|Any CPU.ActiveCfg = Release|Any CPU
		{0D29B812-CBF5-42D3-9678-21EF28694765}.Release|Any CPU.Build.0 = Release|Any CPU
	EndGlobalSection
	GlobalSection(SolutionProperties) = preSolution
		HideSolutionNode = FALSE
	EndGlobalSection
	GlobalSection(ExtensibilityGlobals) = postSolution
		SolutionGuid = {2C7AF226-0E28-4674-A8FC-C0182323B55C}
	EndGlobalSection
EndGlobal
